// !$*UTF8*$!
{
	archiveVersion = 1;
	classes = {
	};
	objectVersion = 56;
	objects = {

/* Begin PBXBuildFile section */
		A64D80EF2A348A8600BE715E /* clickbutton.mp3 in Resources */ = {isa = PBXBuildFile; fileRef = A64D80EE2A348A8600BE715E /* clickbutton.mp3 */; };
		A64D80F12A348BF500BE715E /* click.mp3 in Resources */ = {isa = PBXBuildFile; fileRef = A64D80F02A348BF500BE715E /* click.mp3 */; };
		A64D80F32A348D1600BE715E /* switchlight.mp3 in Resources */ = {isa = PBXBuildFile; fileRef = A64D80F22A348D1600BE715E /* switchlight.mp3 */; };
		A64D80F52A348DB600BE715E /* winner.mp3 in Resources */ = {isa = PBXBuildFile; fileRef = A64D80F42A348DB600BE715E /* winner.mp3 */; };
		A68956312A29ABD5009BCD23 /* AppDelegate.swift in Sources */ = {isa = PBXBuildFile; fileRef = A68956302A29ABD5009BCD23 /* AppDelegate.swift */; };
		A68956352A29ABD5009BCD23 /* HomeController.swift in Sources */ = {isa = PBXBuildFile; fileRef = A68956342A29ABD5009BCD23 /* HomeController.swift */; };
		A68956382A29ABD5009BCD23 /* Main.storyboard in Resources */ = {isa = PBXBuildFile; fileRef = A68956362A29ABD5009BCD23 /* Main.storyboard */; };
		A689563A2A29ABD7009BCD23 /* Assets.xcassets in Resources */ = {isa = PBXBuildFile; fileRef = A68956392A29ABD7009BCD23 /* Assets.xcassets */; };
		A689563D2A29ABD7009BCD23 /* LaunchScreen.storyboard in Resources */ = {isa = PBXBuildFile; fileRef = A689563B2A29ABD7009BCD23 /* LaunchScreen.storyboard */; };
		A6BB31082A2B39F5001F5978 /* IntroPage.swift in Sources */ = {isa = PBXBuildFile; fileRef = A6BB31072A2B39F5001F5978 /* IntroPage.swift */; };
		A6BB310A2A2CF7D0001F5978 /* ExtensionUIElements.swift in Sources */ = {isa = PBXBuildFile; fileRef = A6BB31092A2CF7D0001F5978 /* ExtensionUIElements.swift */; };
		A6BB31142A308EB7001F5978 /* RecordsDB.xcdatamodeld in Sources */ = {isa = PBXBuildFile; fileRef = A6BB31122A308EB7001F5978 /* RecordsDB.xcdatamodeld */; };
		A6BB311B2A309049001F5978 /* Record+CoreDataProperties.swift in Sources */ = {isa = PBXBuildFile; fileRef = A6BB31192A309049001F5978 /* Record+CoreDataProperties.swift */; };
		A6BB311C2A309049001F5978 /* Record+CoreDataClass.swift in Sources */ = {isa = PBXBuildFile; fileRef = A6BB311A2A309049001F5978 /* Record+CoreDataClass.swift */; };
		A6BB311E2A30907E001F5978 /* CoreDataFunc.swift in Sources */ = {isa = PBXBuildFile; fileRef = A6BB311D2A30907E001F5978 /* CoreDataFunc.swift */; };
		A6BB31202A3090CA001F5978 /* ResultsPage.swift in Sources */ = {isa = PBXBuildFile; fileRef = A6BB311F2A3090CA001F5978 /* ResultsPage.swift */; };
		A6BB31222A30949B001F5978 /* TableCellModel.swift in Sources */ = {isa = PBXBuildFile; fileRef = A6BB31212A30949B001F5978 /* TableCellModel.swift */; };
		A6DF6F8D2A2A5353005276D6 /* HomeController+.swift in Sources */ = {isa = PBXBuildFile; fileRef = A6DF6F8C2A2A5353005276D6 /* HomeController+.swift */; };
		D8D239B5EC4AA5FC0BCAF85E /* Pods_15Puzzle_1_1.framework in Frameworks */ = {isa = PBXBuildFile; fileRef = D47D7AE56B6E53A7452CA7B0 /* Pods_15Puzzle_1_1.framework */; };
/* End PBXBuildFile section */

/* Begin PBXFileReference section */
		426EB2FF6F1F923F58B77CE1 /* Pods-15Puzzle_1_1.debug.xcconfig */ = {isa = PBXFileReference; includeInIndex = 1; lastKnownFileType = text.xcconfig; name = "Pods-15Puzzle_1_1.debug.xcconfig"; path = "Target Support Files/Pods-15Puzzle_1_1/Pods-15Puzzle_1_1.debug.xcconfig"; sourceTree = "<group>"; };
		A64D80EE2A348A8600BE715E /* clickbutton.mp3 */ = {isa = PBXFileReference; lastKnownFileType = audio.mp3; path = clickbutton.mp3; sourceTree = "<group>"; };
		A64D80F02A348BF500BE715E /* click.mp3 */ = {isa = PBXFileReference; lastKnownFileType = audio.mp3; path = click.mp3; sourceTree = "<group>"; };
		A64D80F22A348D1600BE715E /* switchlight.mp3 */ = {isa = PBXFileReference; lastKnownFileType = audio.mp3; path = switchlight.mp3; sourceTree = "<group>"; };
		A64D80F42A348DB600BE715E /* winner.mp3 */ = {isa = PBXFileReference; lastKnownFileType = audio.mp3; path = winner.mp3; sourceTree = "<group>"; };
		A689562D2A29ABD5009BCD23 /* 15Puzzle_1_1.app */ = {isa = PBXFileReference; explicitFileType = wrapper.application; includeInIndex = 0; path = 15Puzzle_1_1.app; sourceTree = BUILT_PRODUCTS_DIR; };
		A68956302A29ABD5009BCD23 /* AppDelegate.swift */ = {isa = PBXFileReference; lastKnownFileType = sourcecode.swift; path = AppDelegate.swift; sourceTree = "<group>"; };
		A68956342A29ABD5009BCD23 /* HomeController.swift */ = {isa = PBXFileReference; lastKnownFileType = sourcecode.swift; path = HomeController.swift; sourceTree = "<group>"; };
		A68956372A29ABD5009BCD23 /* Base */ = {isa = PBXFileReference; lastKnownFileType = file.storyboard; name = Base; path = Base.lproj/Main.storyboard; sourceTree = "<group>"; };
		A68956392A29ABD7009BCD23 /* Assets.xcassets */ = {isa = PBXFileReference; lastKnownFileType = folder.assetcatalog; path = Assets.xcassets; sourceTree = "<group>"; };
		A689563C2A29ABD7009BCD23 /* Base */ = {isa = PBXFileReference; lastKnownFileType = file.storyboard; name = Base; path = Base.lproj/LaunchScreen.storyboard; sourceTree = "<group>"; };
		A689563E2A29ABD7009BCD23 /* Info.plist */ = {isa = PBXFileReference; lastKnownFileType = text.plist.xml; path = Info.plist; sourceTree = "<group>"; };
		A6BB31072A2B39F5001F5978 /* IntroPage.swift */ = {isa = PBXFileReference; lastKnownFileType = sourcecode.swift; path = IntroPage.swift; sourceTree = "<group>"; };
		A6BB31092A2CF7D0001F5978 /* ExtensionUIElements.swift */ = {isa = PBXFileReference; lastKnownFileType = sourcecode.swift; path = ExtensionUIElements.swift; sourceTree = "<group>"; };
		A6BB31132A308EB7001F5978 /* RecordsDB.xcdatamodel */ = {isa = PBXFileReference; lastKnownFileType = wrapper.xcdatamodel; path = RecordsDB.xcdatamodel; sourceTree = "<group>"; };
		A6BB31192A309049001F5978 /* Record+CoreDataProperties.swift */ = {isa = PBXFileReference; fileEncoding = 4; lastKnownFileType = sourcecode.swift; path = "Record+CoreDataProperties.swift"; sourceTree = "<group>"; };
		A6BB311A2A309049001F5978 /* Record+CoreDataClass.swift */ = {isa = PBXFileReference; fileEncoding = 4; lastKnownFileType = sourcecode.swift; path = "Record+CoreDataClass.swift"; sourceTree = "<group>"; };
		A6BB311D2A30907E001F5978 /* CoreDataFunc.swift */ = {isa = PBXFileReference; lastKnownFileType = sourcecode.swift; path = CoreDataFunc.swift; sourceTree = "<group>"; };
		A6BB311F2A3090CA001F5978 /* ResultsPage.swift */ = {isa = PBXFileReference; lastKnownFileType = sourcecode.swift; path = ResultsPage.swift; sourceTree = "<group>"; };
		A6BB31212A30949B001F5978 /* TableCellModel.swift */ = {isa = PBXFileReference; lastKnownFileType = sourcecode.swift; path = TableCellModel.swift; sourceTree = "<group>"; };
		A6DF6F8C2A2A5353005276D6 /* HomeController+.swift */ = {isa = PBXFileReference; lastKnownFileType = sourcecode.swift; path = "HomeController+.swift"; sourceTree = "<group>"; };
		D47D7AE56B6E53A7452CA7B0 /* Pods_15Puzzle_1_1.framework */ = {isa = PBXFileReference; explicitFileType = wrapper.framework; includeInIndex = 0; path = Pods_15Puzzle_1_1.framework; sourceTree = BUILT_PRODUCTS_DIR; };
		DF67E48DE75D959441C26615 /* Pods-15Puzzle_1_1.release.xcconfig */ = {isa = PBXFileReference; includeInIndex = 1; lastKnownFileType = text.xcconfig; name = "Pods-15Puzzle_1_1.release.xcconfig"; path = "Target Support Files/Pods-15Puzzle_1_1/Pods-15Puzzle_1_1.release.xcconfig"; sourceTree = "<group>"; };
/* End PBXFileReference section */

/* Begin PBXFrameworksBuildPhase section */
		A689562A2A29ABD5009BCD23 /* Frameworks */ = {
			isa = PBXFrameworksBuildPhase;
			buildActionMask = 2147483647;
			files = (
				D8D239B5EC4AA5FC0BCAF85E /* Pods_15Puzzle_1_1.framework in Frameworks */,
			);
			runOnlyForDeploymentPostprocessing = 0;
		};
/* End PBXFrameworksBuildPhase section */

/* Begin PBXGroup section */
		8A5A5D3CCE72B63ABC98918B /* Pods */ = {
			isa = PBXGroup;
			children = (
				426EB2FF6F1F923F58B77CE1 /* Pods-15Puzzle_1_1.debug.xcconfig */,
				DF67E48DE75D959441C26615 /* Pods-15Puzzle_1_1.release.xcconfig */,
			);
			path = Pods;
			sourceTree = "<group>";
		};
		A64D80F62A348F1600BE715E /* Controller */ = {
			isa = PBXGroup;
			children = (
				A68956342A29ABD5009BCD23 /* HomeController.swift */,
				A68956302A29ABD5009BCD23 /* AppDelegate.swift */,
				A6BB31072A2B39F5001F5978 /* IntroPage.swift */,
				A6DF6F8C2A2A5353005276D6 /* HomeController+.swift */,
				A6BB311F2A3090CA001F5978 /* ResultsPage.swift */,
			);
			path = Controller;
			sourceTree = "<group>";
		};
		A64D80F72A348F3300BE715E /* SoundEffects */ = {
			isa = PBXGroup;
			children = (
				A64D80EE2A348A8600BE715E /* clickbutton.mp3 */,
				A64D80F42A348DB600BE715E /* winner.mp3 */,
				A64D80F02A348BF500BE715E /* click.mp3 */,
				A64D80F22A348D1600BE715E /* switchlight.mp3 */,
			);
			path = SoundEffects;
			sourceTree = "<group>";
		};
		A64D80F82A348F9300BE715E /* CoreData */ = {
			isa = PBXGroup;
			children = (
				A6BB31122A308EB7001F5978 /* RecordsDB.xcdatamodeld */,
				A6BB311A2A309049001F5978 /* Record+CoreDataClass.swift */,
				A6BB31192A309049001F5978 /* Record+CoreDataProperties.swift */,
				A6BB311D2A30907E001F5978 /* CoreDataFunc.swift */,
			);
			path = CoreData;
			sourceTree = "<group>";
		};
		A68956242A29ABD5009BCD23 = {
			isa = PBXGroup;
			children = (
				A689562F2A29ABD5009BCD23 /* 15Puzzle_1_1 */,
				A689562E2A29ABD5009BCD23 /* Products */,
				8A5A5D3CCE72B63ABC98918B /* Pods */,
				C5493D88CE267434181F0A5F /* Frameworks */,
			);
			sourceTree = "<group>";
		};
		A689562E2A29ABD5009BCD23 /* Products */ = {
			isa = PBXGroup;
			children = (
				A689562D2A29ABD5009BCD23 /* 15Puzzle_1_1.app */,
			);
			name = Products;
			sourceTree = "<group>";
		};
		A689562F2A29ABD5009BCD23 /* 15Puzzle_1_1 */ = {
			isa = PBXGroup;
			children = (
				A64D80F72A348F3300BE715E /* SoundEffects */,
				A6BB31112A308884001F5978 /* Model */,
				A6BB31232A309F64001F5978 /* View */,
				A64D80F62A348F1600BE715E /* Controller */,
				A68956362A29ABD5009BCD23 /* Main.storyboard */,
				A68956392A29ABD7009BCD23 /* Assets.xcassets */,
				A689563B2A29ABD7009BCD23 /* LaunchScreen.storyboard */,
				A689563E2A29ABD7009BCD23 /* Info.plist */,
			);
			path = 15Puzzle_1_1;
			sourceTree = "<group>";
		};
		A6BB31112A308884001F5978 /* Model */ = {
			isa = PBXGroup;
			children = (
				A64D80F82A348F9300BE715E /* CoreData */,
				A6BB31092A2CF7D0001F5978 /* ExtensionUIElements.swift */,
			);
			path = Model;
			sourceTree = "<group>";
		};
		A6BB31232A309F64001F5978 /* View */ = {
			isa = PBXGroup;
			children = (
				A6BB31212A30949B001F5978 /* TableCellModel.swift */,
			);
			path = View;
			sourceTree = "<group>";
		};
		C5493D88CE267434181F0A5F /* Frameworks */ = {
			isa = PBXGroup;
			children = (
				D47D7AE56B6E53A7452CA7B0 /* Pods_15Puzzle_1_1.framework */,
			);
			name = Frameworks;
			sourceTree = "<group>";
		};
/* End PBXGroup section */

/* Begin PBXNativeTarget section */
		A689562C2A29ABD5009BCD23 /* 15Puzzle_1_1 */ = {
			isa = PBXNativeTarget;
			buildConfigurationList = A68956412A29ABD7009BCD23 /* Build configuration list for PBXNativeTarget "15Puzzle_1_1" */;
			buildPhases = (
				4DF2141B681FED4E19A41946 /* [CP] Check Pods Manifest.lock */,
				A68956292A29ABD5009BCD23 /* Sources */,
				A689562A2A29ABD5009BCD23 /* Frameworks */,
				A689562B2A29ABD5009BCD23 /* Resources */,
				A95133D24835E3325CA932F5 /* [CP] Embed Pods Frameworks */,
			);
			buildRules = (
			);
			dependencies = (
			);
			name = 15Puzzle_1_1;
			productName = 15Puzzle_1_1;
			productReference = A689562D2A29ABD5009BCD23 /* 15Puzzle_1_1.app */;
			productType = "com.apple.product-type.application";
		};
/* End PBXNativeTarget section */

/* Begin PBXProject section */
		A68956252A29ABD5009BCD23 /* Project object */ = {
			isa = PBXProject;
			attributes = {
				BuildIndependentTargetsInParallel = 1;
				LastSwiftUpdateCheck = 1430;
				LastUpgradeCheck = 1430;
				TargetAttributes = {
					A689562C2A29ABD5009BCD23 = {
						CreatedOnToolsVersion = 14.3;
					};
				};
			};
			buildConfigurationList = A68956282A29ABD5009BCD23 /* Build configuration list for PBXProject "15Puzzle_1_1" */;
			compatibilityVersion = "Xcode 14.0";
			developmentRegion = en;
			hasScannedForEncodings = 0;
			knownRegions = (
				en,
				Base,
			);
			mainGroup = A68956242A29ABD5009BCD23;
			productRefGroup = A689562E2A29ABD5009BCD23 /* Products */;
			projectDirPath = "";
			projectRoot = "";
			targets = (
				A689562C2A29ABD5009BCD23 /* 15Puzzle_1_1 */,
			);
		};
/* End PBXProject section */

/* Begin PBXResourcesBuildPhase section */
		A689562B2A29ABD5009BCD23 /* Resources */ = {
			isa = PBXResourcesBuildPhase;
			buildActionMask = 2147483647;
			files = (
				A689563D2A29ABD7009BCD23 /* LaunchScreen.storyboard in Resources */,
				A689563A2A29ABD7009BCD23 /* Assets.xcassets in Resources */,
				A64D80F32A348D1600BE715E /* switchlight.mp3 in Resources */,
				A64D80F12A348BF500BE715E /* click.mp3 in Resources */,
				A64D80F52A348DB600BE715E /* winner.mp3 in Resources */,
				A68956382A29ABD5009BCD23 /* Main.storyboard in Resources */,
				A64D80EF2A348A8600BE715E /* clickbutton.mp3 in Resources */,
			);
			runOnlyForDeploymentPostprocessing = 0;
		};
/* End PBXResourcesBuildPhase section */

/* Begin PBXShellScriptBuildPhase section */
		4DF2141B681FED4E19A41946 /* [CP] Check Pods Manifest.lock */ = {
			isa = PBXShellScriptBuildPhase;
			buildActionMask = 2147483647;
			files = (
			);
			inputFileListPaths = (
			);
			inputPaths = (
				"${PODS_PODFILE_DIR_PATH}/Podfile.lock",
				"${PODS_ROOT}/Manifest.lock",
			);
			name = "[CP] Check Pods Manifest.lock";
			outputFileListPaths = (
			);
			outputPaths = (
				"$(DERIVED_FILE_DIR)/Pods-15Puzzle_1_1-checkManifestLockResult.txt",
			);
			runOnlyForDeploymentPostprocessing = 0;
			shellPath = /bin/sh;
			shellScript = "diff \"${PODS_PODFILE_DIR_PATH}/Podfile.lock\" \"${PODS_ROOT}/Manifest.lock\" > /dev/null\nif [ $? != 0 ] ; then\n    # print error to STDERR\n    echo \"error: The sandbox is not in sync with the Podfile.lock. Run 'pod install' or update your CocoaPods installation.\" >&2\n    exit 1\nfi\n# This output is used by Xcode 'outputs' to avoid re-running this script phase.\necho \"SUCCESS\" > \"${SCRIPT_OUTPUT_FILE_0}\"\n";
			showEnvVarsInLog = 0;
		};
		A95133D24835E3325CA932F5 /* [CP] Embed Pods Frameworks */ = {
			isa = PBXShellScriptBuildPhase;
			buildActionMask = 2147483647;
			files = (
			);
			inputFileListPaths = (
				"${PODS_ROOT}/Target Support Files/Pods-15Puzzle_1_1/Pods-15Puzzle_1_1-frameworks-${CONFIGURATION}-input-files.xcfilelist",
			);
			name = "[CP] Embed Pods Frameworks";
			outputFileListPaths = (
				"${PODS_ROOT}/Target Support Files/Pods-15Puzzle_1_1/Pods-15Puzzle_1_1-frameworks-${CONFIGURATION}-output-files.xcfilelist",
			);
			runOnlyForDeploymentPostprocessing = 0;
			shellPath = /bin/sh;
			shellScript = "\"${PODS_ROOT}/Target Support Files/Pods-15Puzzle_1_1/Pods-15Puzzle_1_1-frameworks.sh\"\n";
			showEnvVarsInLog = 0;
		};
/* End PBXShellScriptBuildPhase section */

/* Begin PBXSourcesBuildPhase section */
		A68956292A29ABD5009BCD23 /* Sources */ = {
			isa = PBXSourcesBuildPhase;
			buildActionMask = 2147483647;
			files = (
				A6BB311C2A309049001F5978 /* Record+CoreDataClass.swift in Sources */,
				A6BB31202A3090CA001F5978 /* ResultsPage.swift in Sources */,
				A6BB31222A30949B001F5978 /* TableCellModel.swift in Sources */,
				A68956352A29ABD5009BCD23 /* HomeController.swift in Sources */,
				A6BB311E2A30907E001F5978 /* CoreDataFunc.swift in Sources */,
				A68956312A29ABD5009BCD23 /* AppDelegate.swift in Sources */,
				A6BB31142A308EB7001F5978 /* RecordsDB.xcdatamodeld in Sources */,
				A6BB310A2A2CF7D0001F5978 /* ExtensionUIElements.swift in Sources */,
				A6DF6F8D2A2A5353005276D6 /* HomeController+.swift in Sources */,
				A6BB31082A2B39F5001F5978 /* IntroPage.swift in Sources */,
				A6BB311B2A309049001F5978 /* Record+CoreDataProperties.swift in Sources */,
			);
			runOnlyForDeploymentPostprocessing = 0;
		};
/* End PBXSourcesBuildPhase section */

/* Begin PBXVariantGroup section */
		A68956362A29ABD5009BCD23 /* Main.storyboard */ = {
			isa = PBXVariantGroup;
			children = (
				A68956372A29ABD5009BCD23 /* Base */,
			);
			name = Main.storyboard;
			sourceTree = "<group>";
		};
		A689563B2A29ABD7009BCD23 /* LaunchScreen.storyboard */ = {
			isa = PBXVariantGroup;
			children = (
				A689563C2A29ABD7009BCD23 /* Base */,
			);
			name = LaunchScreen.storyboard;
			sourceTree = "<group>";
		};
/* End PBXVariantGroup section */

/* Begin XCBuildConfiguration section */
		A689563F2A29ABD7009BCD23 /* Debug */ = {
			isa = XCBuildConfiguration;
			buildSettings = {
				ALWAYS_SEARCH_USER_PATHS = NO;
				CLANG_ANALYZER_NONNULL = YES;
				CLANG_ANALYZER_NUMBER_OBJECT_CONVERSION = YES_AGGRESSIVE;
				CLANG_CXX_LANGUAGE_STANDARD = "gnu++20";
				CLANG_ENABLE_MODULES = YES;
				CLANG_ENABLE_OBJC_ARC = YES;
				CLANG_ENABLE_OBJC_WEAK = YES;
				CLANG_WARN_BLOCK_CAPTURE_AUTORELEASING = YES;
				CLANG_WARN_BOOL_CONVERSION = YES;
				CLANG_WARN_COMMA = YES;
				CLANG_WARN_CONSTANT_CONVERSION = YES;
				CLANG_WARN_DEPRECATED_OBJC_IMPLEMENTATIONS = YES;
				CLANG_WARN_DIRECT_OBJC_ISA_USAGE = YES_ERROR;
				CLANG_WARN_DOCUMENTATION_COMMENTS = YES;
				CLANG_WARN_EMPTY_BODY = YES;
				CLANG_WARN_ENUM_CONVERSION = YES;
				CLANG_WARN_INFINITE_RECURSION = YES;
				CLANG_WARN_INT_CONVERSION = YES;
				CLANG_WARN_NON_LITERAL_NULL_CONVERSION = YES;
				CLANG_WARN_OBJC_IMPLICIT_RETAIN_SELF = YES;
				CLANG_WARN_OBJC_LITERAL_CONVERSION = YES;
				CLANG_WARN_OBJC_ROOT_CLASS = YES_ERROR;
				CLANG_WARN_QUOTED_INCLUDE_IN_FRAMEWORK_HEADER = YES;
				CLANG_WARN_RANGE_LOOP_ANALYSIS = YES;
				CLANG_WARN_STRICT_PROTOTYPES = YES;
				CLANG_WARN_SUSPICIOUS_MOVE = YES;
				CLANG_WARN_UNGUARDED_AVAILABILITY = YES_AGGRESSIVE;
				CLANG_WARN_UNREACHABLE_CODE = YES;
				CLANG_WARN__DUPLICATE_METHOD_MATCH = YES;
				COPY_PHASE_STRIP = NO;
				DEBUG_INFORMATION_FORMAT = dwarf;
				ENABLE_STRICT_OBJC_MSGSEND = YES;
				ENABLE_TESTABILITY = YES;
				GCC_C_LANGUAGE_STANDARD = gnu11;
				GCC_DYNAMIC_NO_PIC = NO;
				GCC_NO_COMMON_BLOCKS = YES;
				GCC_OPTIMIZATION_LEVEL = 0;
				GCC_PREPROCESSOR_DEFINITIONS = (
					"DEBUG=1",
					"$(inherited)",
				);
				GCC_WARN_64_TO_32_BIT_CONVERSION = YES;
				GCC_WARN_ABOUT_RETURN_TYPE = YES_ERROR;
				GCC_WARN_UNDECLARED_SELECTOR = YES;
				GCC_WARN_UNINITIALIZED_AUTOS = YES_AGGRESSIVE;
				GCC_WARN_UNUSED_FUNCTION = YES;
				GCC_WARN_UNUSED_VARIABLE = YES;
				IPHONEOS_DEPLOYMENT_TARGET = 16.4;
				MTL_ENABLE_DEBUG_INFO = INCLUDE_SOURCE;
				MTL_FAST_MATH = YES;
				ONLY_ACTIVE_ARCH = YES;
				SDKROOT = iphoneos;
				SWIFT_ACTIVE_COMPILATION_CONDITIONS = DEBUG;
				SWIFT_OPTIMIZATION_LEVEL = "-Onone";
			};
			name = Debug;
		};
		A68956402A29ABD7009BCD23 /* Release */ = {
			isa = XCBuildConfiguration;
			buildSettings = {
				ALWAYS_SEARCH_USER_PATHS = NO;
				CLANG_ANALYZER_NONNULL = YES;
				CLANG_ANALYZER_NUMBER_OBJECT_CONVERSION = YES_AGGRESSIVE;
				CLANG_CXX_LANGUAGE_STANDARD = "gnu++20";
				CLANG_ENABLE_MODULES = YES;
				CLANG_ENABLE_OBJC_ARC = YES;
				CLANG_ENABLE_OBJC_WEAK = YES;
				CLANG_WARN_BLOCK_CAPTURE_AUTORELEASING = YES;
				CLANG_WARN_BOOL_CONVERSION = YES;
				CLANG_WARN_COMMA = YES;
				CLANG_WARN_CONSTANT_CONVERSION = YES;
				CLANG_WARN_DEPRECATED_OBJC_IMPLEMENTATIONS = YES;
				CLANG_WARN_DIRECT_OBJC_ISA_USAGE = YES_ERROR;
				CLANG_WARN_DOCUMENTATION_COMMENTS = YES;
				CLANG_WARN_EMPTY_BODY = YES;
				CLANG_WARN_ENUM_CONVERSION = YES;
				CLANG_WARN_INFINITE_RECURSION = YES;
				CLANG_WARN_INT_CONVERSION = YES;
				CLANG_WARN_NON_LITERAL_NULL_CONVERSION = YES;
				CLANG_WARN_OBJC_IMPLICIT_RETAIN_SELF = YES;
				CLANG_WARN_OBJC_LITERAL_CONVERSION = YES;
				CLANG_WARN_OBJC_ROOT_CLASS = YES_ERROR;
				CLANG_WARN_QUOTED_INCLUDE_IN_FRAMEWORK_HEADER = YES;
				CLANG_WARN_RANGE_LOOP_ANALYSIS = YES;
				CLANG_WARN_STRICT_PROTOTYPES = YES;
				CLANG_WARN_SUSPICIOUS_MOVE = YES;
				CLANG_WARN_UNGUARDED_AVAILABILITY = YES_AGGRESSIVE;
				CLANG_WARN_UNREACHABLE_CODE = YES;
				CLANG_WARN__DUPLICATE_METHOD_MATCH = YES;
				COPY_PHASE_STRIP = NO;
				DEBUG_INFORMATION_FORMAT = "dwarf-with-dsym";
				ENABLE_NS_ASSERTIONS = NO;
				ENABLE_STRICT_OBJC_MSGSEND = YES;
				GCC_C_LANGUAGE_STANDARD = gnu11;
				GCC_NO_COMMON_BLOCKS = YES;
				GCC_WARN_64_TO_32_BIT_CONVERSION = YES;
				GCC_WARN_ABOUT_RETURN_TYPE = YES_ERROR;
				GCC_WARN_UNDECLARED_SELECTOR = YES;
				GCC_WARN_UNINITIALIZED_AUTOS = YES_AGGRESSIVE;
				GCC_WARN_UNUSED_FUNCTION = YES;
				GCC_WARN_UNUSED_VARIABLE = YES;
				IPHONEOS_DEPLOYMENT_TARGET = 16.4;
				MTL_ENABLE_DEBUG_INFO = NO;
				MTL_FAST_MATH = YES;
				SDKROOT = iphoneos;
				SWIFT_COMPILATION_MODE = wholemodule;
				SWIFT_OPTIMIZATION_LEVEL = "-O";
				VALIDATE_PRODUCT = YES;
			};
			name = Release;
		};
		A68956422A29ABD7009BCD23 /* Debug */ = {
			isa = XCBuildConfiguration;
			baseConfigurationReference = 426EB2FF6F1F923F58B77CE1 /* Pods-15Puzzle_1_1.debug.xcconfig */;
			buildSettings = {
				ASSETCATALOG_COMPILER_APPICON_NAME = AppIcon;
				ASSETCATALOG_COMPILER_GLOBAL_ACCENT_COLOR_NAME = AccentColor;
				CODE_SIGN_STYLE = Automatic;
				CURRENT_PROJECT_VERSION = 1;
				GENERATE_INFOPLIST_FILE = YES;
				INFOPLIST_FILE = 15Puzzle_1_1/Info.plist;
				INFOPLIST_KEY_UIApplicationSupportsIndirectInputEvents = YES;
				INFOPLIST_KEY_UILaunchStoryboardName = LaunchScreen;
				INFOPLIST_KEY_UIMainStoryboardFile = Main;
				INFOPLIST_KEY_UISupportedInterfaceOrientations = "UIInterfaceOrientationPortrait UIInterfaceOrientationPortraitUpsideDown";
				INFOPLIST_KEY_UISupportedInterfaceOrientations_iPad = "UIInterfaceOrientationLandscapeLeft UIInterfaceOrientationLandscapeRight UIInterfaceOrientationPortrait UIInterfaceOrientationPortraitUpsideDown";
				IPHONEOS_DEPLOYMENT_TARGET = 14.1;
				LD_RUNPATH_SEARCH_PATHS = (
					"$(inherited)",
					"@executable_path/Frameworks",
				);
				MARKETING_VERSION = 1.0;
				PRODUCT_BUNDLE_IDENTIFIER = "Islombek.-5Puzzle-1-1";
				PRODUCT_NAME = "$(TARGET_NAME)";
				SUPPORTED_PLATFORMS = "iphoneos iphonesimulator";
				SUPPORTS_MACCATALYST = NO;
				SUPPORTS_MAC_DESIGNED_FOR_IPHONE_IPAD = NO;
				SWIFT_EMIT_LOC_STRINGS = YES;
				SWIFT_VERSION = 5.0;
				TARGETED_DEVICE_FAMILY = 1;
			};
			name = Debug;
		};
		A68956432A29ABD7009BCD23 /* Release */ = {
			isa = XCBuildConfiguration;
			baseConfigurationReference = DF67E48DE75D959441C26615 /* Pods-15Puzzle_1_1.release.xcconfig */;
			buildSettings = {
				ASSETCATALOG_COMPILER_APPICON_NAME = AppIcon;
				ASSETCATALOG_COMPILER_GLOBAL_ACCENT_COLOR_NAME = AccentColor;
				CODE_SIGN_STYLE = Automatic;
				CURRENT_PROJECT_VERSION = 1;
				GENERATE_INFOPLIST_FILE = YES;
				INFOPLIST_FILE = 15Puzzle_1_1/Info.plist;
				INFOPLIST_KEY_UIApplicationSupportsIndirectInputEvents = YES;
				INFOPLIST_KEY_UILaunchStoryboardName = LaunchScreen;
				INFOPLIST_KEY_UIMainStoryboardFile = Main;
				INFOPLIST_KEY_UISupportedInterfaceOrientations = "UIInterfaceOrientationPortrait UIInterfaceOrientationPortraitUpsideDown";
				INFOPLIST_KEY_UISupportedInterfaceOrientations_iPad = "UIInterfaceOrientationLandscapeLeft UIInterfaceOrientationLandscapeRight UIInterfaceOrientationPortrait UIInterfaceOrientationPortraitUpsideDown";
				IPHONEOS_DEPLOYMENT_TARGET = 14.1;
				LD_RUNPATH_SEARCH_PATHS = (
					"$(inherited)",
					"@executable_path/Frameworks",
				);
				MARKETING_VERSION = 1.0;
				PRODUCT_BUNDLE_IDENTIFIER = "Islombek.-5Puzzle-1-1";
				PRODUCT_NAME = "$(TARGET_NAME)";
				SUPPORTED_PLATFORMS = "iphoneos iphonesimulator";
				SUPPORTS_MACCATALYST = NO;
				SUPPORTS_MAC_DESIGNED_FOR_IPHONE_IPAD = NO;
				SWIFT_EMIT_LOC_STRINGS = YES;
				SWIFT_VERSION = 5.0;
				TARGETED_DEVICE_FAMILY = 1;
			};
			name = Release;
		};
/* End XCBuildConfiguration section */

/* Begin XCConfigurationList section */
		A68956282A29ABD5009BCD23 /* Build configuration list for PBXProject "15Puzzle_1_1" */ = {
			isa = XCConfigurationList;
			buildConfigurations = (
				A689563F2A29ABD7009BCD23 /* Debug */,
				A68956402A29ABD7009BCD23 /* Release */,
			);
			defaultConfigurationIsVisible = 0;
			defaultConfigurationName = Release;
		};
		A68956412A29ABD7009BCD23 /* Build configuration list for PBXNativeTarget "15Puzzle_1_1" */ = {
			isa = XCConfigurationList;
			buildConfigurations = (
				A68956422A29ABD7009BCD23 /* Debug */,
				A68956432A29ABD7009BCD23 /* Release */,
			);
			defaultConfigurationIsVisible = 0;
			defaultConfigurationName = Release;
		};
/* End XCConfigurationList section */

/* Begin XCVersionGroup section */
		A6BB31122A308EB7001F5978 /* RecordsDB.xcdatamodeld */ = {
			isa = XCVersionGroup;
			children = (
				A6BB31132A308EB7001F5978 /* RecordsDB.xcdatamodel */,
			);
			currentVersion = A6BB31132A308EB7001F5978 /* RecordsDB.xcdatamodel */;
			path = RecordsDB.xcdatamodeld;
			sourceTree = "<group>";
			versionGroupType = wrapper.xcdatamodel;
		};
/* End XCVersionGroup section */
	};
	rootObject = A68956252A29ABD5009BCD23 /* Project object */;
}
